
Microsoft Visual Studio Solution File, Format Version 12.00
# Visual Studio Version 17
VisualStudioVersion = 17.14.37502.11
MinimumVisualStudioVersion = 10.0.40219.1
Project("{FAE04EC0-301F-11D3-BF4B-00C04F79EFBC}") = "DataStructures", "DataStructures\DataStructures.csproj", "{F28FCC96-8248-CAE0-76E3-1C8E994F874F}"
EndProject
Project("{FAE04EC0-301F-11D3-BF4B-00C04F79EFBC}") = "Optimization", "Optimization\Optimization.csproj", "{246B965F-EB5B-796A-A4C8-7F0A9DB7CBDF}"
EndProject
Project("{FAE04EC0-301F-11D3-BF4B-00C04F79EFBC}") = "OptimizationTester", "OptimizationTester\OptimizationTester.csproj", "{D17C1DC1-F8A0-4032-AE79-D13BABD71A87}"
EndProject
Global
	GlobalSection(SolutionConfigurationPlatforms) = preSolution
		Debug|Any CPU = Debug|Any CPU
		Release|Any CPU = Release|Any CPU
	EndGlobalSection
	GlobalSection(ProjectConfigurationPlatforms) = postSolution
		{F28FCC96-8248-CAE0-76E3-1C8E994F874F}.Debug|Any CPU.ActiveCfg = Debug|Any CPU
		{F28FCC96-8248-CAE0-76E3-1C8E994F874F}.Debug|Any CPU.Build.0 = Debug|Any CPU
		{F28FCC96-8248-CAE0-76E3-1C8E994F874F}.Release|Any CPU.ActiveCfg = Release|Any CPU
		{F28FCC96-8248-CAE0-76E3-1C8E994F874F}.Release|Any CPU.Build.0 = Release|Any CPU
		{246B965F-EB5B-796A-A4C8-7F0A9DB7CBDF}.Debug|Any CPU.ActiveCfg = Debug|Any CPU
		{246B965F-EB5B-796A-A4C8-7F0A9DB7CBDF}.Debug|Any CPU.Build.0 = Debug|Any CPU
		{246B965F-EB5B-796A-A4C8-7F0A9DB7CBDF}.Release|Any CPU.ActiveCfg = Release|Any CPU
		{246B965F-EB5B-796A-A4C8-7F0A9DB7CBDF}.Release|Any CPU.Build.0 = Release|Any CPU
		{D17C1DC1-F8A0-4032-AE79-D13BABD71A87}.Debug|Any CPU.ActiveCfg = Debug|Any CPU
		{D17C1DC1-F8A0-4032-AE79-D13BABD71A87}.Debug|Any CPU.Build.0 = Debug|Any CPU
		{D17C1DC1-F8A0-4032-AE79-D13BABD71A87}.Release|Any CPU.ActiveCfg = Release|Any CPU
		{D17C1DC1-F8A0-4032-AE79-D13BABD71A87}.Release|Any CPU.Build.0 = Release|Any CPU
	EndGlobalSection
	GlobalSection(SolutionProperties) = preSolution
		HideSolutionNode = FALSE
	EndGlobalSection
	GlobalSection(ExtensibilityGlobals) = postSolution
		SolutionGuid = {E74E026A-2149-48E6-B5E4-E13F26C01CF6}
	EndGlobalSection
EndGlobal
